
Microsoft Visual Studio Solution File, Format Version 12.00
# Visual Studio 2012
Project("{FAE04EC0-301F-11D3-BF4B-00C04F79EFBC}") = "PokeWar.ConsoleUI", "PokeWar.ConsoleUI.csproj", "{D3D9531C-98E9-4C2D-B287-8E1033230B87}"
EndProject
Project("{FAE04EC0-301F-11D3-BF4B-00C04F79EFBC}") = "PokeWar.Engine", "..\Engine\PokeWar.Engine.csproj", "{4AEC682C-E85C-456B-93B6-6D5D6A9BA637}"
EndProject
Project("{FAE04EC0-301F-11D3-BF4B-00C04F79EFBC}") = "CardLib", "..\..\CardLib\CardLib.csproj", "{E3D4C823-52F1-46EA-9A44-488C3793206D}"
EndProject
Global
	GlobalSection(SolutionConfigurationPlatforms) = preSolution
		Debug|Any CPU = Debug|Any CPU
		Release|Any CPU = Release|Any CPU
	EndGlobalSection
	GlobalSection(ProjectConfigurationPlatforms) = postSolution
		{D3D9531C-98E9-4C2D-B287-8E1033230B87}.Debug|Any CPU.ActiveCfg = Debug|Any CPU
		{D3D9531C-98E9-4C2D-B287-8E1033230B87}.Debug|Any CPU.Build.0 = Debug|Any CPU
		{D3D9531C-98E9-4C2D-B287-8E1033230B87}.Release|Any CPU.ActiveCfg = Release|Any CPU
		{D3D9531C-98E9-4C2D-B287-8E1033230B87}.Release|Any CPU.Build.0 = Release|Any CPU
		{4AEC682C-E85C-456B-93B6-6D5D6A9BA637}.Debug|Any CPU.ActiveCfg = Debug|Any CPU
		{4AEC682C-E85C-456B-93B6-6D5D6A9BA637}.Debug|Any CPU.Build.0 = Debug|Any CPU
		{4AEC682C-E85C-456B-93B6-6D5D6A9BA637}.Release|Any CPU.ActiveCfg = Release|Any CPU
		{4AEC682C-E85C-456B-93B6-6D5D6A9BA637}.Release|Any CPU.Build.0 = Release|Any CPU
		{E3D4C823-52F1-46EA-9A44-488C3793206D}.Debug|Any CPU.ActiveCfg = Debug|Any CPU
		{E3D4C823-52F1-46EA-9A44-488C3793206D}.Debug|Any CPU.Build.0 = Debug|Any CPU
		{E3D4C823-52F1-46EA-9A44-488C3793206D}.Release|Any CPU.ActiveCfg = Release|Any CPU
		{E3D4C823-52F1-46EA-9A44-488C3793206D}.Release|Any CPU.Build.0 = Release|Any CPU
	EndGlobalSection
	GlobalSection(SolutionProperties) = preSolution
		HideSolutionNode = FALSE
	EndGlobalSection
EndGlobal
