
Microsoft Visual Studio Solution File, Format Version 11.00
# Visual Studio 2010
Project("{FAE04EC0-301F-11D3-BF4B-00C04F79EFBC}") = "PokeWar", "PokeWar.csproj", "{97B6AC45-1E6D-4661-963B-BBC23A1BBBEA}"
EndProject
Global
	GlobalSection(SolutionConfigurationPlatforms) = preSolution
		Debug|x86 = Debug|x86
		Release|x86 = Release|x86
	EndGlobalSection
	GlobalSection(ProjectConfigurationPlatforms) = postSolution
		{97B6AC45-1E6D-4661-963B-BBC23A1BBBEA}.Debug|x86.ActiveCfg = Debug|x86
		{97B6AC45-1E6D-4661-963B-BBC23A1BBBEA}.Debug|x86.Build.0 = Debug|x86
		{97B6AC45-1E6D-4661-963B-BBC23A1BBBEA}.Release|x86.ActiveCfg = Release|x86
		{97B6AC45-1E6D-4661-963B-BBC23A1BBBEA}.Release|x86.Build.0 = Release|x86
	EndGlobalSection
	GlobalSection(SolutionProperties) = preSolution
		HideSolutionNode = FALSE
	EndGlobalSection
EndGlobal
